
Microsoft Visual Studio Solution File, Format Version 12.00
# Visual Studio Version 17
VisualStudioVersion = 17.1.32210.238
MinimumVisualStudioVersion = 10.0.40219.1
Project("{9A19103F-16F7-4668-BE54-9A1E7A4F7556}") = "GameProject", "GameProject\GameProject.csproj", "{F625C68F-34B2-4069-B7AF-E4F260EA5F3B}"
EndProject
Global
	GlobalSection(SolutionConfigurationPlatforms) = preSolution
		Debug|Any CPU = Debug|Any CPU
		Release|Any CPU = Release|Any CPU
	EndGlobalSection
	GlobalSection(ProjectConfigurationPlatforms) = postSolution
		{F625C68F-34B2-4069-B7AF-E4F260EA5F3B}.Debug|Any CPU.ActiveCfg = Debug|Any CPU
		{F625C68F-34B2-4069-B7AF-E4F260EA5F3B}.Debug|Any CPU.Build.0 = Debug|Any CPU
		{F625C68F-34B2-4069-B7AF-E4F260EA5F3B}.Release|Any CPU.ActiveCfg = Release|Any CPU
		{F625C68F-34B2-4069-B7AF-E4F260EA5F3B}.Release|Any CPU.Build.0 = Release|Any CPU
	EndGlobalSection
	GlobalSection(SolutionProperties) = preSolution
		HideSolutionNode = FALSE
	EndGlobalSection
	GlobalSection(ExtensibilityGlobals) = postSolution
		SolutionGuid = {C99B2548-CD44-425A-A961-438B7039DF9F}
	EndGlobalSection
EndGlobal
